
Microsoft Visual Studio Solution File, Format Version 12.00
# Visual Studio 15
VisualStudioVersion = 15.0.27130.2026
MinimumVisualStudioVersion = 10.0.40219.1
Project("{FAE04EC0-301F-11D3-BF4B-00C04F79EFBC}") = "DictionariesDemo", "DictionariesDemo\DictionariesDemo.csproj", "{7E53F747-40D2-44BC-A6A2-EFFE5810B404}"
EndProject
Project("{FAE04EC0-301F-11D3-BF4B-00C04F79EFBC}") = "SortedDictionaryExample", "SortedDictionaryExample\SortedDictionaryExample.csproj", "{ECD8A916-7790-46F1-9CEC-7C1AF16F0F85}"
EndProject
Project("{FAE04EC0-301F-11D3-BF4B-00C04F79EFBC}") = "p01_CountRealNumbers", "p01_CountRealNumbers\p01_CountRealNumbers.csproj", "{C9C80F47-2DF8-4B00-B3E5-7315EF9747BA}"
EndProject
Project("{FAE04EC0-301F-11D3-BF4B-00C04F79EFBC}") = "p06_FoldAndSum", "p06_FoldAndSum\p06_FoldAndSum.csproj", "{7172B624-8B09-4E23-9DCE-3B2EFD1DD032}"
EndProject
Global
	GlobalSection(SolutionConfigurationPlatforms) = preSolution
		Debug|Any CPU = Debug|Any CPU
		Release|Any CPU = Release|Any CPU
	EndGlobalSection
	GlobalSection(ProjectConfigurationPlatforms) = postSolution
		{7E53F747-40D2-44BC-A6A2-EFFE5810B404}.Debug|Any CPU.ActiveCfg = Debug|Any CPU
		{7E53F747-40D2-44BC-A6A2-EFFE5810B404}.Debug|Any CPU.Build.0 = Debug|Any CPU
		{7E53F747-40D2-44BC-A6A2-EFFE5810B404}.Release|Any CPU.ActiveCfg = Release|Any CPU
		{7E53F747-40D2-44BC-A6A2-EFFE5810B404}.Release|Any CPU.Build.0 = Release|Any CPU
		{ECD8A916-7790-46F1-9CEC-7C1AF16F0F85}.Debug|Any CPU.ActiveCfg = Debug|Any CPU
		{ECD8A916-7790-46F1-9CEC-7C1AF16F0F85}.Debug|Any CPU.Build.0 = Debug|Any CPU
		{ECD8A916-7790-46F1-9CEC-7C1AF16F0F85}.Release|Any CPU.ActiveCfg = Release|Any CPU
		{ECD8A916-7790-46F1-9CEC-7C1AF16F0F85}.Release|Any CPU.Build.0 = Release|Any CPU
		{C9C80F47-2DF8-4B00-B3E5-7315EF9747BA}.Debug|Any CPU.ActiveCfg = Debug|Any CPU
		{C9C80F47-2DF8-4B00-B3E5-7315EF9747BA}.Debug|Any CPU.Build.0 = Debug|Any CPU
		{C9C80F47-2DF8-4B00-B3E5-7315EF9747BA}.Release|Any CPU.ActiveCfg = Release|Any CPU
		{C9C80F47-2DF8-4B00-B3E5-7315EF9747BA}.Release|Any CPU.Build.0 = Release|Any CPU
		{7172B624-8B09-4E23-9DCE-3B2EFD1DD032}.Debug|Any CPU.ActiveCfg = Debug|Any CPU
		{7172B624-8B09-4E23-9DCE-3B2EFD1DD032}.Debug|Any CPU.Build.0 = Debug|Any CPU
		{7172B624-8B09-4E23-9DCE-3B2EFD1DD032}.Release|Any CPU.ActiveCfg = Release|Any CPU
		{7172B624-8B09-4E23-9DCE-3B2EFD1DD032}.Release|Any CPU.Build.0 = Release|Any CPU
	EndGlobalSection
	GlobalSection(SolutionProperties) = preSolution
		HideSolutionNode = FALSE
	EndGlobalSection
	GlobalSection(ExtensibilityGlobals) = postSolution
		SolutionGuid = {8A8F31D7-0090-4524-8C94-BA4DAF0EB57B}
	EndGlobalSection
EndGlobal
