
Microsoft Visual Studio Solution File, Format Version 12.00
# Visual Studio 15
VisualStudioVersion = 15.0.27130.2036
MinimumVisualStudioVersion = 10.0.40219.1
Project("{9A19103F-16F7-4668-BE54-9A1E7A4F7556}") = "p01_MostFrequentNumber", "p01_MostFrequentNumber\p01_MostFrequentNumber.csproj", "{30A04738-3658-48BF-BC01-25838561F4E5}"
EndProject
Project("{9A19103F-16F7-4668-BE54-9A1E7A4F7556}") = "p02_IndexOfLetters", "p02_IndexOfLetters\p02_IndexOfLetters.csproj", "{3B4987C8-06DC-41DD-B641-A59F4538ED08}"
EndProject
Project("{9A19103F-16F7-4668-BE54-9A1E7A4F7556}") = "p03_CountOfSymbols", "p03_CountOfSymbols\p03_CountOfSymbols.csproj", "{DD2A9089-BFCD-4766-9973-C3893418B012}"
EndProject
Project("{9A19103F-16F7-4668-BE54-9A1E7A4F7556}") = "p04_MaxSequenceOfEqualElements", "p04_MaxSequenceOfEqualElements\p04_MaxSequenceOfEqualElements.csproj", "{F528AACB-85D1-497F-BABB-BD220EF57D68}"
EndProject
Project("{FAE04EC0-301F-11D3-BF4B-00C04F79EFBC}") = "p05_FixEmails", "p05_FixEmails\p05_FixEmails.csproj", "{21177D14-BE11-49B6-B756-2317793B572F}"
EndProject
Project("{FAE04EC0-301F-11D3-BF4B-00C04F79EFBC}") = "p06_AdvertisementMessage", "p06_AdvertisementMessage\p06_AdvertisementMessage.csproj", "{82CC8D7A-B804-4AB9-AD97-E50A4272389B}"
EndProject
Global
	GlobalSection(SolutionConfigurationPlatforms) = preSolution
		Debug|Any CPU = Debug|Any CPU
		Release|Any CPU = Release|Any CPU
	EndGlobalSection
	GlobalSection(ProjectConfigurationPlatforms) = postSolution
		{30A04738-3658-48BF-BC01-25838561F4E5}.Debug|Any CPU.ActiveCfg = Debug|Any CPU
		{30A04738-3658-48BF-BC01-25838561F4E5}.Debug|Any CPU.Build.0 = Debug|Any CPU
		{30A04738-3658-48BF-BC01-25838561F4E5}.Release|Any CPU.ActiveCfg = Release|Any CPU
		{30A04738-3658-48BF-BC01-25838561F4E5}.Release|Any CPU.Build.0 = Release|Any CPU
		{3B4987C8-06DC-41DD-B641-A59F4538ED08}.Debug|Any CPU.ActiveCfg = Debug|Any CPU
		{3B4987C8-06DC-41DD-B641-A59F4538ED08}.Debug|Any CPU.Build.0 = Debug|Any CPU
		{3B4987C8-06DC-41DD-B641-A59F4538ED08}.Release|Any CPU.ActiveCfg = Release|Any CPU
		{3B4987C8-06DC-41DD-B641-A59F4538ED08}.Release|Any CPU.Build.0 = Release|Any CPU
		{DD2A9089-BFCD-4766-9973-C3893418B012}.Debug|Any CPU.ActiveCfg = Debug|Any CPU
		{DD2A9089-BFCD-4766-9973-C3893418B012}.Debug|Any CPU.Build.0 = Debug|Any CPU
		{DD2A9089-BFCD-4766-9973-C3893418B012}.Release|Any CPU.ActiveCfg = Release|Any CPU
		{DD2A9089-BFCD-4766-9973-C3893418B012}.Release|Any CPU.Build.0 = Release|Any CPU
		{F528AACB-85D1-497F-BABB-BD220EF57D68}.Debug|Any CPU.ActiveCfg = Debug|Any CPU
		{F528AACB-85D1-497F-BABB-BD220EF57D68}.Debug|Any CPU.Build.0 = Debug|Any CPU
		{F528AACB-85D1-497F-BABB-BD220EF57D68}.Release|Any CPU.ActiveCfg = Release|Any CPU
		{F528AACB-85D1-497F-BABB-BD220EF57D68}.Release|Any CPU.Build.0 = Release|Any CPU
		{21177D14-BE11-49B6-B756-2317793B572F}.Debug|Any CPU.ActiveCfg = Debug|Any CPU
		{21177D14-BE11-49B6-B756-2317793B572F}.Debug|Any CPU.Build.0 = Debug|Any CPU
		{21177D14-BE11-49B6-B756-2317793B572F}.Release|Any CPU.ActiveCfg = Release|Any CPU
		{21177D14-BE11-49B6-B756-2317793B572F}.Release|Any CPU.Build.0 = Release|Any CPU
		{82CC8D7A-B804-4AB9-AD97-E50A4272389B}.Debug|Any CPU.ActiveCfg = Debug|Any CPU
		{82CC8D7A-B804-4AB9-AD97-E50A4272389B}.Debug|Any CPU.Build.0 = Debug|Any CPU
		{82CC8D7A-B804-4AB9-AD97-E50A4272389B}.Release|Any CPU.ActiveCfg = Release|Any CPU
		{82CC8D7A-B804-4AB9-AD97-E50A4272389B}.Release|Any CPU.Build.0 = Release|Any CPU
	EndGlobalSection
	GlobalSection(SolutionProperties) = preSolution
		HideSolutionNode = FALSE
	EndGlobalSection
	GlobalSection(ExtensibilityGlobals) = postSolution
		SolutionGuid = {0C22E17A-180E-4DD4-9273-A651C25795BE}
	EndGlobalSection
EndGlobal
