
Microsoft Visual Studio Solution File, Format Version 12.00
# Visual Studio 15
VisualStudioVersion = 15.0.27130.2036
MinimumVisualStudioVersion = 10.0.40219.1
Project("{FAE04EC0-301F-11D3-BF4B-00C04F79EFBC}") = "p01_Snowballs", "p01_Snowballs\p01_Snowballs.csproj", "{C2B867DD-9473-4746-B48E-2A914DD68CD3}"
EndProject
Project("{FAE04EC0-301F-11D3-BF4B-00C04F79EFBC}") = "p02_Snowmen", "p02_Snowmen\p02_Snowmen.csproj", "{B0BDE428-0E1D-4A6A-A380-D7BBF06EAD9F}"
EndProject
Project("{FAE04EC0-301F-11D3-BF4B-00C04F79EFBC}") = "p02b_Snowmen", "p02b_Snowmen\p02b_Snowmen.csproj", "{1DC8A779-34FB-4750-BCDC-1B9F11B8709D}"
EndProject
Project("{FAE04EC0-301F-11D3-BF4B-00C04F79EFBC}") = "p03_Snowflake", "p03_Snowflake\p03_Snowflake.csproj", "{6E311EBA-C4D0-4C40-BCEB-A351AF9F8D65}"
EndProject
Project("{FAE04EC0-301F-11D3-BF4B-00C04F79EFBC}") = "p04_Snowwhite", "p04_Snowwhite\p04_Snowwhite.csproj", "{81E96DF8-C6C1-45FE-B5C5-512B589FB21E}"
EndProject
Global
	GlobalSection(SolutionConfigurationPlatforms) = preSolution
		Debug|Any CPU = Debug|Any CPU
		Release|Any CPU = Release|Any CPU
	EndGlobalSection
	GlobalSection(ProjectConfigurationPlatforms) = postSolution
		{C2B867DD-9473-4746-B48E-2A914DD68CD3}.Debug|Any CPU.ActiveCfg = Debug|Any CPU
		{C2B867DD-9473-4746-B48E-2A914DD68CD3}.Debug|Any CPU.Build.0 = Debug|Any CPU
		{C2B867DD-9473-4746-B48E-2A914DD68CD3}.Release|Any CPU.ActiveCfg = Release|Any CPU
		{C2B867DD-9473-4746-B48E-2A914DD68CD3}.Release|Any CPU.Build.0 = Release|Any CPU
		{B0BDE428-0E1D-4A6A-A380-D7BBF06EAD9F}.Debug|Any CPU.ActiveCfg = Debug|Any CPU
		{B0BDE428-0E1D-4A6A-A380-D7BBF06EAD9F}.Debug|Any CPU.Build.0 = Debug|Any CPU
		{B0BDE428-0E1D-4A6A-A380-D7BBF06EAD9F}.Release|Any CPU.ActiveCfg = Release|Any CPU
		{B0BDE428-0E1D-4A6A-A380-D7BBF06EAD9F}.Release|Any CPU.Build.0 = Release|Any CPU
		{1DC8A779-34FB-4750-BCDC-1B9F11B8709D}.Debug|Any CPU.ActiveCfg = Debug|Any CPU
		{1DC8A779-34FB-4750-BCDC-1B9F11B8709D}.Debug|Any CPU.Build.0 = Debug|Any CPU
		{1DC8A779-34FB-4750-BCDC-1B9F11B8709D}.Release|Any CPU.ActiveCfg = Release|Any CPU
		{1DC8A779-34FB-4750-BCDC-1B9F11B8709D}.Release|Any CPU.Build.0 = Release|Any CPU
		{6E311EBA-C4D0-4C40-BCEB-A351AF9F8D65}.Debug|Any CPU.ActiveCfg = Debug|Any CPU
		{6E311EBA-C4D0-4C40-BCEB-A351AF9F8D65}.Debug|Any CPU.Build.0 = Debug|Any CPU
		{6E311EBA-C4D0-4C40-BCEB-A351AF9F8D65}.Release|Any CPU.ActiveCfg = Release|Any CPU
		{6E311EBA-C4D0-4C40-BCEB-A351AF9F8D65}.Release|Any CPU.Build.0 = Release|Any CPU
		{81E96DF8-C6C1-45FE-B5C5-512B589FB21E}.Debug|Any CPU.ActiveCfg = Debug|Any CPU
		{81E96DF8-C6C1-45FE-B5C5-512B589FB21E}.Debug|Any CPU.Build.0 = Debug|Any CPU
		{81E96DF8-C6C1-45FE-B5C5-512B589FB21E}.Release|Any CPU.ActiveCfg = Release|Any CPU
		{81E96DF8-C6C1-45FE-B5C5-512B589FB21E}.Release|Any CPU.Build.0 = Release|Any CPU
	EndGlobalSection
	GlobalSection(SolutionProperties) = preSolution
		HideSolutionNode = FALSE
	EndGlobalSection
	GlobalSection(ExtensibilityGlobals) = postSolution
		SolutionGuid = {FA290FD1-1766-4232-A1DB-E7FD6643758D}
	EndGlobalSection
EndGlobal
