
Microsoft Visual Studio Solution File, Format Version 12.00
# Visual Studio 15
VisualStudioVersion = 15.0.27130.2024
MinimumVisualStudioVersion = 10.0.40219.1
Project("{9A19103F-16F7-4668-BE54-9A1E7A4F7556}") = "p01_DebitCardNumber", "p01_DebitCardNumber\p01_DebitCardNumber.csproj", "{893E4878-9070-4836-8C0F-94794AA69DD2}"
EndProject
Project("{FAE04EC0-301F-11D3-BF4B-00C04F79EFBC}") = "p02_RectangleArea", "p02_RectangleArea\p02_RectangleArea.csproj", "{196C89A2-4D31-4020-9E73-B1F7516F28DD}"
EndProject
Project("{FAE04EC0-301F-11D3-BF4B-00C04F79EFBC}") = "p03_MilesToKilometers", "p03_MilesToKilometers\p03_MilesToKilometers.csproj", "{FA4A297A-6E9D-4001-9797-F9C911F2122E}"
EndProject
Project("{FAE04EC0-301F-11D3-BF4B-00C04F79EFBC}") = "p04_BeverageLabels", "p04_BeverageLabels\p04_BeverageLabels.csproj", "{645B093D-80E4-438A-AA0F-AE3717F1BAE3}"
EndProject
Project("{FAE04EC0-301F-11D3-BF4B-00C04F79EFBC}") = "p05_CharacterStats", "p05_CharacterStats\p05_CharacterStats.csproj", "{8AA4E539-BD21-433D-8E0F-8421FC85B38F}"
EndProject
Global
	GlobalSection(SolutionConfigurationPlatforms) = preSolution
		Debug|Any CPU = Debug|Any CPU
		Release|Any CPU = Release|Any CPU
	EndGlobalSection
	GlobalSection(ProjectConfigurationPlatforms) = postSolution
		{893E4878-9070-4836-8C0F-94794AA69DD2}.Debug|Any CPU.ActiveCfg = Debug|Any CPU
		{893E4878-9070-4836-8C0F-94794AA69DD2}.Debug|Any CPU.Build.0 = Debug|Any CPU
		{893E4878-9070-4836-8C0F-94794AA69DD2}.Release|Any CPU.ActiveCfg = Release|Any CPU
		{893E4878-9070-4836-8C0F-94794AA69DD2}.Release|Any CPU.Build.0 = Release|Any CPU
		{196C89A2-4D31-4020-9E73-B1F7516F28DD}.Debug|Any CPU.ActiveCfg = Debug|Any CPU
		{196C89A2-4D31-4020-9E73-B1F7516F28DD}.Debug|Any CPU.Build.0 = Debug|Any CPU
		{196C89A2-4D31-4020-9E73-B1F7516F28DD}.Release|Any CPU.ActiveCfg = Release|Any CPU
		{196C89A2-4D31-4020-9E73-B1F7516F28DD}.Release|Any CPU.Build.0 = Release|Any CPU
		{FA4A297A-6E9D-4001-9797-F9C911F2122E}.Debug|Any CPU.ActiveCfg = Debug|Any CPU
		{FA4A297A-6E9D-4001-9797-F9C911F2122E}.Debug|Any CPU.Build.0 = Debug|Any CPU
		{FA4A297A-6E9D-4001-9797-F9C911F2122E}.Release|Any CPU.ActiveCfg = Release|Any CPU
		{FA4A297A-6E9D-4001-9797-F9C911F2122E}.Release|Any CPU.Build.0 = Release|Any CPU
		{645B093D-80E4-438A-AA0F-AE3717F1BAE3}.Debug|Any CPU.ActiveCfg = Debug|Any CPU
		{645B093D-80E4-438A-AA0F-AE3717F1BAE3}.Debug|Any CPU.Build.0 = Debug|Any CPU
		{645B093D-80E4-438A-AA0F-AE3717F1BAE3}.Release|Any CPU.ActiveCfg = Release|Any CPU
		{645B093D-80E4-438A-AA0F-AE3717F1BAE3}.Release|Any CPU.Build.0 = Release|Any CPU
		{8AA4E539-BD21-433D-8E0F-8421FC85B38F}.Debug|Any CPU.ActiveCfg = Debug|Any CPU
		{8AA4E539-BD21-433D-8E0F-8421FC85B38F}.Debug|Any CPU.Build.0 = Debug|Any CPU
		{8AA4E539-BD21-433D-8E0F-8421FC85B38F}.Release|Any CPU.ActiveCfg = Release|Any CPU
		{8AA4E539-BD21-433D-8E0F-8421FC85B38F}.Release|Any CPU.Build.0 = Release|Any CPU
	EndGlobalSection
	GlobalSection(SolutionProperties) = preSolution
		HideSolutionNode = FALSE
	EndGlobalSection
	GlobalSection(ExtensibilityGlobals) = postSolution
		SolutionGuid = {F7094667-0970-4639-9D1E-1908496F5B9F}
	EndGlobalSection
EndGlobal
