
Microsoft Visual Studio Solution File, Format Version 12.00
# Visual Studio 15
VisualStudioVersion = 15.0.27130.2036
MinimumVisualStudioVersion = 10.0.40219.1
Project("{9A19103F-16F7-4668-BE54-9A1E7A4F7556}") = "p03_NetherRealms", "p03_NetherRealms\p03_NetherRealms.csproj", "{5B6D4671-99E3-4E68-AA7E-2A63B3FBDE2B}"
EndProject
Project("{FAE04EC0-301F-11D3-BF4B-00C04F79EFBC}") = "p04_RoliTheCoder", "p04_RoliTheCoder\p04_RoliTheCoder.csproj", "{AA2E6380-EF80-4F09-AC9E-DBD29EC2893D}"
EndProject
Global
	GlobalSection(SolutionConfigurationPlatforms) = preSolution
		Debug|Any CPU = Debug|Any CPU
		Release|Any CPU = Release|Any CPU
	EndGlobalSection
	GlobalSection(ProjectConfigurationPlatforms) = postSolution
		{5B6D4671-99E3-4E68-AA7E-2A63B3FBDE2B}.Debug|Any CPU.ActiveCfg = Debug|Any CPU
		{5B6D4671-99E3-4E68-AA7E-2A63B3FBDE2B}.Debug|Any CPU.Build.0 = Debug|Any CPU
		{5B6D4671-99E3-4E68-AA7E-2A63B3FBDE2B}.Release|Any CPU.ActiveCfg = Release|Any CPU
		{5B6D4671-99E3-4E68-AA7E-2A63B3FBDE2B}.Release|Any CPU.Build.0 = Release|Any CPU
		{AA2E6380-EF80-4F09-AC9E-DBD29EC2893D}.Debug|Any CPU.ActiveCfg = Debug|Any CPU
		{AA2E6380-EF80-4F09-AC9E-DBD29EC2893D}.Debug|Any CPU.Build.0 = Debug|Any CPU
		{AA2E6380-EF80-4F09-AC9E-DBD29EC2893D}.Release|Any CPU.ActiveCfg = Release|Any CPU
		{AA2E6380-EF80-4F09-AC9E-DBD29EC2893D}.Release|Any CPU.Build.0 = Release|Any CPU
	EndGlobalSection
	GlobalSection(SolutionProperties) = preSolution
		HideSolutionNode = FALSE
	EndGlobalSection
	GlobalSection(ExtensibilityGlobals) = postSolution
		SolutionGuid = {9B8AA642-407F-4FEC-91F6-88822BB352AB}
	EndGlobalSection
EndGlobal
