
Microsoft Visual Studio Solution File, Format Version 12.00
# Visual Studio 15
VisualStudioVersion = 15.0.27130.2026
MinimumVisualStudioVersion = 10.0.40219.1
Project("{FAE04EC0-301F-11D3-BF4B-00C04F79EFBC}") = "RegexDemo", "RegexDemo\RegexDemo.csproj", "{CED1BD21-0D03-4134-BF08-82BB3BB2A2C9}"
EndProject
Global
	GlobalSection(SolutionConfigurationPlatforms) = preSolution
		Debug|Any CPU = Debug|Any CPU
		Release|Any CPU = Release|Any CPU
	EndGlobalSection
	GlobalSection(ProjectConfigurationPlatforms) = postSolution
		{CED1BD21-0D03-4134-BF08-82BB3BB2A2C9}.Debug|Any CPU.ActiveCfg = Debug|Any CPU
		{CED1BD21-0D03-4134-BF08-82BB3BB2A2C9}.Debug|Any CPU.Build.0 = Debug|Any CPU
		{CED1BD21-0D03-4134-BF08-82BB3BB2A2C9}.Release|Any CPU.ActiveCfg = Release|Any CPU
		{CED1BD21-0D03-4134-BF08-82BB3BB2A2C9}.Release|Any CPU.Build.0 = Release|Any CPU
	EndGlobalSection
	GlobalSection(SolutionProperties) = preSolution
		HideSolutionNode = FALSE
	EndGlobalSection
	GlobalSection(ExtensibilityGlobals) = postSolution
		SolutionGuid = {9E0040DA-5AD0-4E6C-9E12-76491177FB5A}
	EndGlobalSection
EndGlobal
