
Microsoft Visual Studio Solution File, Format Version 12.00
# Visual Studio 15
VisualStudioVersion = 15.0.27130.2036
MinimumVisualStudioVersion = 10.0.40219.1
Project("{9A19103F-16F7-4668-BE54-9A1E7A4F7556}") = "p01_Passed", "p01_Passed\p01_Passed.csproj", "{AB9BF717-3F29-47C3-89CF-7D55F7E50842}"
EndProject
Project("{9A19103F-16F7-4668-BE54-9A1E7A4F7556}") = "p02_PassedOrFailed", "p02_PassedOrFailed\p02_PassedOrFailed.csproj", "{521C8B56-CB47-46B3-98A7-A3022DA7EDFD}"
EndProject
Project("{9A19103F-16F7-4668-BE54-9A1E7A4F7556}") = "p03_BackIn30Minutes", "p03_BackIn30Minutes\p03_BackIn30Minutes.csproj", "{74D83ACD-6E16-450B-A4A2-2E4CB01D1242}"
EndProject
Project("{9A19103F-16F7-4668-BE54-9A1E7A4F7556}") = "p04_MonthPrinter", "p04_MonthPrinter\p04_MonthPrinter.csproj", "{20AA9BF1-61DC-4B61-938D-C92A8F4F3A96}"
EndProject
Project("{9A19103F-16F7-4668-BE54-9A1E7A4F7556}") = "p05_ForeignLanguages", "p05_ForeignLanguages\p05_ForeignLanguages.csproj", "{0A0E7BF4-2748-4340-83A3-85796A06AF02}"
EndProject
Project("{9A19103F-16F7-4668-BE54-9A1E7A4F7556}") = "p06_TheatrePromotion", "p06_TheatrePromotion\p06_TheatrePromotion.csproj", "{F6997C3F-A37B-43A2-B744-638698FA6903}"
EndProject
Project("{9A19103F-16F7-4668-BE54-9A1E7A4F7556}") = "p07_DivisibleBy3", "p07_DivisibleBy3\p07_DivisibleBy3.csproj", "{62370EE4-B658-4298-870C-7822CAE32ADB}"
EndProject
Project("{9A19103F-16F7-4668-BE54-9A1E7A4F7556}") = "p08_SumOfOddNumbers", "p08_SumOfOddNumbers\p08_SumOfOddNumbers.csproj", "{8B0E0879-10D7-440E-84A4-AF393D25D3B9}"
EndProject
Project("{9A19103F-16F7-4668-BE54-9A1E7A4F7556}") = "p09_MultiplicationTable", "p09_MultiplicationTable\p09_MultiplicationTable.csproj", "{8FF58867-3BF8-4610-8D48-CCF874FA286D}"
EndProject
Project("{9A19103F-16F7-4668-BE54-9A1E7A4F7556}") = "p10_MultiplicationTable20", "p10_MultiplicationTable20\p10_MultiplicationTable20.csproj", "{19820156-0738-4893-8A7F-EE1F7362C249}"
EndProject
Project("{9A19103F-16F7-4668-BE54-9A1E7A4F7556}") = "p11_OddNumber", "p11_OddNumber\p11_OddNumber.csproj", "{A5484152-6057-4D2B-A749-B986EFCAB186}"
EndProject
Project("{9A19103F-16F7-4668-BE54-9A1E7A4F7556}") = "p12_NumberChecker", "p12_NumberChecker\p12_NumberChecker.csproj", "{5DE924D2-E187-41DA-ABCA-0E8D41FA0904}"
EndProject
Global
	GlobalSection(SolutionConfigurationPlatforms) = preSolution
		Debug|Any CPU = Debug|Any CPU
		Release|Any CPU = Release|Any CPU
	EndGlobalSection
	GlobalSection(ProjectConfigurationPlatforms) = postSolution
		{AB9BF717-3F29-47C3-89CF-7D55F7E50842}.Debug|Any CPU.ActiveCfg = Debug|Any CPU
		{AB9BF717-3F29-47C3-89CF-7D55F7E50842}.Debug|Any CPU.Build.0 = Debug|Any CPU
		{AB9BF717-3F29-47C3-89CF-7D55F7E50842}.Release|Any CPU.ActiveCfg = Release|Any CPU
		{AB9BF717-3F29-47C3-89CF-7D55F7E50842}.Release|Any CPU.Build.0 = Release|Any CPU
		{521C8B56-CB47-46B3-98A7-A3022DA7EDFD}.Debug|Any CPU.ActiveCfg = Debug|Any CPU
		{521C8B56-CB47-46B3-98A7-A3022DA7EDFD}.Debug|Any CPU.Build.0 = Debug|Any CPU
		{521C8B56-CB47-46B3-98A7-A3022DA7EDFD}.Release|Any CPU.ActiveCfg = Release|Any CPU
		{521C8B56-CB47-46B3-98A7-A3022DA7EDFD}.Release|Any CPU.Build.0 = Release|Any CPU
		{74D83ACD-6E16-450B-A4A2-2E4CB01D1242}.Debug|Any CPU.ActiveCfg = Debug|Any CPU
		{74D83ACD-6E16-450B-A4A2-2E4CB01D1242}.Debug|Any CPU.Build.0 = Debug|Any CPU
		{74D83ACD-6E16-450B-A4A2-2E4CB01D1242}.Release|Any CPU.ActiveCfg = Release|Any CPU
		{74D83ACD-6E16-450B-A4A2-2E4CB01D1242}.Release|Any CPU.Build.0 = Release|Any CPU
		{20AA9BF1-61DC-4B61-938D-C92A8F4F3A96}.Debug|Any CPU.ActiveCfg = Debug|Any CPU
		{20AA9BF1-61DC-4B61-938D-C92A8F4F3A96}.Debug|Any CPU.Build.0 = Debug|Any CPU
		{20AA9BF1-61DC-4B61-938D-C92A8F4F3A96}.Release|Any CPU.ActiveCfg = Release|Any CPU
		{20AA9BF1-61DC-4B61-938D-C92A8F4F3A96}.Release|Any CPU.Build.0 = Release|Any CPU
		{0A0E7BF4-2748-4340-83A3-85796A06AF02}.Debug|Any CPU.ActiveCfg = Debug|Any CPU
		{0A0E7BF4-2748-4340-83A3-85796A06AF02}.Debug|Any CPU.Build.0 = Debug|Any CPU
		{0A0E7BF4-2748-4340-83A3-85796A06AF02}.Release|Any CPU.ActiveCfg = Release|Any CPU
		{0A0E7BF4-2748-4340-83A3-85796A06AF02}.Release|Any CPU.Build.0 = Release|Any CPU
		{F6997C3F-A37B-43A2-B744-638698FA6903}.Debug|Any CPU.ActiveCfg = Debug|Any CPU
		{F6997C3F-A37B-43A2-B744-638698FA6903}.Debug|Any CPU.Build.0 = Debug|Any CPU
		{F6997C3F-A37B-43A2-B744-638698FA6903}.Release|Any CPU.ActiveCfg = Release|Any CPU
		{F6997C3F-A37B-43A2-B744-638698FA6903}.Release|Any CPU.Build.0 = Release|Any CPU
		{62370EE4-B658-4298-870C-7822CAE32ADB}.Debug|Any CPU.ActiveCfg = Debug|Any CPU
		{62370EE4-B658-4298-870C-7822CAE32ADB}.Debug|Any CPU.Build.0 = Debug|Any CPU
		{62370EE4-B658-4298-870C-7822CAE32ADB}.Release|Any CPU.ActiveCfg = Release|Any CPU
		{62370EE4-B658-4298-870C-7822CAE32ADB}.Release|Any CPU.Build.0 = Release|Any CPU
		{8B0E0879-10D7-440E-84A4-AF393D25D3B9}.Debug|Any CPU.ActiveCfg = Debug|Any CPU
		{8B0E0879-10D7-440E-84A4-AF393D25D3B9}.Debug|Any CPU.Build.0 = Debug|Any CPU
		{8B0E0879-10D7-440E-84A4-AF393D25D3B9}.Release|Any CPU.ActiveCfg = Release|Any CPU
		{8B0E0879-10D7-440E-84A4-AF393D25D3B9}.Release|Any CPU.Build.0 = Release|Any CPU
		{8FF58867-3BF8-4610-8D48-CCF874FA286D}.Debug|Any CPU.ActiveCfg = Debug|Any CPU
		{8FF58867-3BF8-4610-8D48-CCF874FA286D}.Debug|Any CPU.Build.0 = Debug|Any CPU
		{8FF58867-3BF8-4610-8D48-CCF874FA286D}.Release|Any CPU.ActiveCfg = Release|Any CPU
		{8FF58867-3BF8-4610-8D48-CCF874FA286D}.Release|Any CPU.Build.0 = Release|Any CPU
		{19820156-0738-4893-8A7F-EE1F7362C249}.Debug|Any CPU.ActiveCfg = Debug|Any CPU
		{19820156-0738-4893-8A7F-EE1F7362C249}.Debug|Any CPU.Build.0 = Debug|Any CPU
		{19820156-0738-4893-8A7F-EE1F7362C249}.Release|Any CPU.ActiveCfg = Release|Any CPU
		{19820156-0738-4893-8A7F-EE1F7362C249}.Release|Any CPU.Build.0 = Release|Any CPU
		{A5484152-6057-4D2B-A749-B986EFCAB186}.Debug|Any CPU.ActiveCfg = Debug|Any CPU
		{A5484152-6057-4D2B-A749-B986EFCAB186}.Debug|Any CPU.Build.0 = Debug|Any CPU
		{A5484152-6057-4D2B-A749-B986EFCAB186}.Release|Any CPU.ActiveCfg = Release|Any CPU
		{A5484152-6057-4D2B-A749-B986EFCAB186}.Release|Any CPU.Build.0 = Release|Any CPU
		{5DE924D2-E187-41DA-ABCA-0E8D41FA0904}.Debug|Any CPU.ActiveCfg = Debug|Any CPU
		{5DE924D2-E187-41DA-ABCA-0E8D41FA0904}.Debug|Any CPU.Build.0 = Debug|Any CPU
		{5DE924D2-E187-41DA-ABCA-0E8D41FA0904}.Release|Any CPU.ActiveCfg = Release|Any CPU
		{5DE924D2-E187-41DA-ABCA-0E8D41FA0904}.Release|Any CPU.Build.0 = Release|Any CPU
	EndGlobalSection
	GlobalSection(SolutionProperties) = preSolution
		HideSolutionNode = FALSE
	EndGlobalSection
	GlobalSection(ExtensibilityGlobals) = postSolution
		SolutionGuid = {2F130B0E-CF80-4AA4-B2CE-955BD012DFD2}
	EndGlobalSection
EndGlobal
